// !$*UTF8*$!
{
	archiveVersion = 1;
	classes = {
	};
	objectVersion = 50;
	objects = {

/* Begin PBXBuildFile section */
		DCB9DAEA23DE59FE0070B35C /* AppDelegate.swift in Sources */ = {isa = PBXBuildFile; fileRef = DCB9DAE923DE59FE0070B35C /* AppDelegate.swift */; };
		DCB9DAEC23DE59FE0070B35C /* SceneDelegate.swift in Sources */ = {isa = PBXBuildFile; fileRef = DCB9DAEB23DE59FE0070B35C /* SceneDelegate.swift */; };
		DCB9DAEE23DE59FE0070B35C /* ViewController.swift in Sources */ = {isa = PBXBuildFile; fileRef = DCB9DAED23DE59FE0070B35C /* ViewController.swift */; };
		DCB9DAF123DE59FE0070B35C /* Main.storyboard in Resources */ = {isa = PBXBuildFile; fileRef = DCB9DAEF23DE59FE0070B35C /* Main.storyboard */; };
		DCB9DAF323DE5A010070B35C /* Assets.xcassets in Resources */ = {isa = PBXBuildFile; fileRef = DCB9DAF223DE5A010070B35C /* Assets.xcassets */; };
		DCB9DAF623DE5A010070B35C /* LaunchScreen.storyboard in Resources */ = {isa = PBXBuildFile; fileRef = DCB9DAF423DE5A010070B35C /* LaunchScreen.storyboard */; };
/* End PBXBuildFile section */

/* Begin PBXFileReference section */
		DCB9DAE623DE59FE0070B35C /* ActionsDemo.app */ = {isa = PBXFileReference; explicitFileType = wrapper.application; includeInIndex = 0; path = ActionsDemo.app; sourceTree = BUILT_PRODUCTS_DIR; };
		DCB9DAE923DE59FE0070B35C /* AppDelegate.swift */ = {isa = PBXFileReference; lastKnownFileType = sourcecode.swift; path = AppDelegate.swift; sourceTree = "<group>"; };
		DCB9DAEB23DE59FE0070B35C /* SceneDelegate.swift */ = {isa = PBXFileReference; lastKnownFileType = sourcecode.swift; path = SceneDelegate.swift; sourceTree = "<group>"; };
		DCB9DAED23DE59FE0070B35C /* ViewController.swift */ = {isa = PBXFileReference; lastKnownFileType = sourcecode.swift; path = ViewController.swift; sourceTree = "<group>"; };
		DCB9DAF023DE59FE0070B35C /* Base */ = {isa = PBXFileReference; lastKnownFileType = file.storyboard; name = Base; path = Base.lproj/Main.storyboard; sourceTree = "<group>"; };
		DCB9DAF223DE5A010070B35C /* Assets.xcassets */ = {isa = PBXFileReference; lastKnownFileType = folder.assetcatalog; path = Assets.xcassets; sourceTree = "<group>"; };
		DCB9DAF523DE5A010070B35C /* Base */ = {isa = PBXFileReference; lastKnownFileType = file.storyboard; name = Base; path = Base.lproj/LaunchScreen.storyboard; sourceTree = "<group>"; };
		DCB9DAF723DE5A010070B35C /* Info.plist */ = {isa = PBXFileReference; lastKnownFileType = text.plist.xml; path = Info.plist; sourceTree = "<group>"; };
/* End PBXFileReference section */

/* Begin PBXFrameworksBuildPhase section */
		DCB9DAE323DE59FE0070B35C /* Frameworks */ = {
			isa = PBXFrameworksBuildPhase;
			buildActionMask = 2147483647;
			files = (
			);
			runOnlyForDeploymentPostprocessing = 0;
		};
/* End PBXFrameworksBuildPhase section */

/* Begin PBXGroup section */
		DCB9DADD23DE59FE0070B35C = {
			isa = PBXGroup;
			children = (
				DCB9DAE823DE59FE0070B35C /* ActionsDemo */,
				DCB9DAE723DE59FE0070B35C /* Products */,
			);
			sourceTree = "<group>";
		};
		DCB9DAE723DE59FE0070B35C /* Products */ = {
			isa = PBXGroup;
			children = (
				DCB9DAE623DE59FE0070B35C /* ActionsDemo.app */,
			);
			name = Products;
			sourceTree = "<group>";
		};
		DCB9DAE823DE59FE0070B35C /* ActionsDemo */ = {
			isa = PBXGroup;
			children = (
				DCB9DAE923DE59FE0070B35C /* AppDelegate.swift */,
				DCB9DAEB23DE59FE0070B35C /* SceneDelegate.swift */,
				DCB9DAED23DE59FE0070B35C /* ViewController.swift */,
				DCB9DAEF23DE59FE0070B35C /* Main.storyboard */,
				DCB9DAF223DE5A010070B35C /* Assets.xcassets */,
				DCB9DAF423DE5A010070B35C /* LaunchScreen.storyboard */,
				DCB9DAF723DE5A010070B35C /* Info.plist */,
			);
			path = ActionsDemo;
			sourceTree = "<group>";
		};
/* End PBXGroup section */

/* Begin PBXNativeTarget section */
		DCB9DAE523DE59FE0070B35C /* ActionsDemo */ = {
			isa = PBXNativeTarget;
			buildConfigurationList = DCB9DAFA23DE5A010070B35C /* Build configuration list for PBXNativeTarget "ActionsDemo" */;
			buildPhases = (
				DCB9DAE223DE59FE0070B35C /* Sources */,
				DCB9DAE323DE59FE0070B35C /* Frameworks */,
				DCB9DAE423DE59FE0070B35C /* Resources */,
			);
			buildRules = (
			);
			dependencies = (
			);
			name = ActionsDemo;
			productName = ActionsDemo;
			productReference = DCB9DAE623DE59FE0070B35C /* ActionsDemo.app */;
			productType = "com.apple.product-type.application";
		};
/* End PBXNativeTarget section */

/* Begin PBXProject section */
		DCB9DADE23DE59FE0070B35C /* Project object */ = {
			isa = PBXProject;
			attributes = {
				LastSwiftUpdateCheck = 1130;
				LastUpgradeCheck = 1130;
				ORGANIZATIONNAME = heshamsalman;
				TargetAttributes = {
					DCB9DAE523DE59FE0070B35C = {
						CreatedOnToolsVersion = 11.3.1;
					};
				};
			};
			buildConfigurationList = DCB9DAE123DE59FE0070B35C /* Build configuration list for PBXProject "ActionsDemo" */;
			compatibilityVersion = "Xcode 9.3";
			developmentRegion = en;
			hasScannedForEncodings = 0;
			knownRegions = (
				en,
				Base,
			);
			mainGroup = DCB9DADD23DE59FE0070B35C;
			productRefGroup = DCB9DAE723DE59FE0070B35C /* Products */;
			projectDirPath = "";
			projectRoot = "";
			targets = (
				DCB9DAE523DE59FE0070B35C /* ActionsDemo */,
			);
		};
/* End PBXProject section */

/* Begin PBXResourcesBuildPhase section */
		DCB9DAE423DE59FE0070B35C /* Resources */ = {
			isa = PBXResourcesBuildPhase;
			buildActionMask = 2147483647;
			files = (
				DCB9DAF623DE5A010070B35C /* LaunchScreen.storyboard in Resources */,
				DCB9DAF323DE5A010070B35C /* Assets.xcassets in Resources */,
				DCB9DAF123DE59FE0070B35C /* Main.storyboard in Resources */,
			);
			runOnlyForDeploymentPostprocessing = 0;
		};
/* End PBXResourcesBuildPhase section */

/* Begin PBXSourcesBuildPhase section */
		DCB9DAE223DE59FE0070B35C /* Sources */ = {
			isa = PBXSourcesBuildPhase;
			buildActionMask = 2147483647;
			files = (
				DCB9DAEE23DE59FE0070B35C /* ViewController.swift in Sources */,
				DCB9DAEA23DE59FE0070B35C /* AppDelegate.swift in Sources */,
				DCB9DAEC23DE59FE0070B35C /* SceneDelegate.swift in Sources */,
			);
			runOnlyForDeploymentPostprocessing = 0;
		};
/* End PBXSourcesBuildPhase section */

/* Begin PBXVariantGroup section */
		DCB9DAEF23DE59FE0070B35C /* Main.storyboard */ = {
			isa = PBXVariantGroup;
			children = (
				DCB9DAF023DE59FE0070B35C /* Base */,
			);
			name = Main.storyboard;
			sourceTree = "<group>";
		};
		DCB9DAF423DE5A010070B35C /* LaunchScreen.storyboard */ = {
			isa = PBXVariantGroup;
			children = (
				DCB9DAF523DE5A010070B35C /* Base */,
			);
			name = LaunchScreen.storyboard;
			sourceTree = "<group>";
		};
/* End PBXVariantGroup section */

/* Begin XCBuildConfiguration section */
		DCB9DAF823DE5A010070B35C /* Debug */ = {
			isa = XCBuildConfiguration;
			buildSettings = {
				ALWAYS_SEARCH_USER_PATHS = NO;
				CLANG_ANALYZER_NONNULL = YES;
				CLANG_ANALYZER_NUMBER_OBJECT_CONVERSION = YES_AGGRESSIVE;
				CLANG_CXX_LANGUAGE_STANDARD = "gnu++14";
				CLANG_CXX_LIBRARY = "libc++";
				CLANG_ENABLE_MODULES = YES;
				CLANG_ENABLE_OBJC_ARC = YES;
				CLANG_ENABLE_OBJC_WEAK = YES;
				CLANG_WARN_BLOCK_CAPTURE_AUTORELEASING = YES;
				CLANG_WARN_BOOL_CONVERSION = YES;
				CLANG_WARN_COMMA = YES;
				CLANG_WARN_CONSTANT_CONVERSION = YES;
				CLANG_WARN_DEPRECATED_OBJC_IMPLEMENTATIONS = YES;
				CLANG_WARN_DIRECT_OBJC_ISA_USAGE = YES_ERROR;
				CLANG_WARN_DOCUMENTATION_COMMENTS = YES;
				CLANG_WARN_EMPTY_BODY = YES;
				CLANG_WARN_ENUM_CONVERSION = YES;
				CLANG_WARN_INFINITE_RECURSION = YES;
				CLANG_WARN_INT_CONVERSION = YES;
				CLANG_WARN_NON_LITERAL_NULL_CONVERSION = YES;
				CLANG_WARN_OBJC_IMPLICIT_RETAIN_SELF = YES;
				CLANG_WARN_OBJC_LITERAL_CONVERSION = YES;
				CLANG_WARN_OBJC_ROOT_CLASS = YES_ERROR;
				CLANG_WARN_RANGE_LOOP_ANALYSIS = YES;
				CLANG_WARN_STRICT_PROTOTYPES = YES;
				CLANG_WARN_SUSPICIOUS_MOVE = YES;
				CLANG_WARN_UNGUARDED_AVAILABILITY = YES_AGGRESSIVE;
				CLANG_WARN_UNREACHABLE_CODE = YES;
				CLANG_WARN__DUPLICATE_METHOD_MATCH = YES;
				COPY_PHASE_STRIP = NO;
				DEBUG_INFORMATION_FORMAT = dwarf;
				ENABLE_STRICT_OBJC_MSGSEND = YES;
				ENABLE_TESTABILITY = YES;
				GCC_C_LANGUAGE_STANDARD = gnu11;
				GCC_DYNAMIC_NO_PIC = NO;
				GCC_NO_COMMON_BLOCKS = YES;
				GCC_OPTIMIZATION_LEVEL = 0;
				GCC_PREPROCESSOR_DEFINITIONS = (
					"DEBUG=1",
					"$(inherited)",
				);
				GCC_WARN_64_TO_32_BIT_CONVERSION = YES;
				GCC_WARN_ABOUT_RETURN_TYPE = YES_ERROR;
				GCC_WARN_UNDECLARED_SELECTOR = YES;
				GCC_WARN_UNINITIALIZED_AUTOS = YES_AGGRESSIVE;
				GCC_WARN_UNUSED_FUNCTION = YES;
				GCC_WARN_UNUSED_VARIABLE = YES;
				IPHONEOS_DEPLOYMENT_TARGET = 13.2;
				MTL_ENABLE_DEBUG_INFO = INCLUDE_SOURCE;
				MTL_FAST_MATH = YES;
				ONLY_ACTIVE_ARCH = YES;
				SDKROOT = iphoneos;
				SWIFT_ACTIVE_COMPILATION_CONDITIONS = DEBUG;
				SWIFT_OPTIMIZATION_LEVEL = "-Onone";
			};
			name = Debug;
		};
		DCB9DAF923DE5A010070B35C /* Release */ = {
			isa = XCBuildConfiguration;
			buildSettings = {
				ALWAYS_SEARCH_USER_PATHS = NO;
				CLANG_ANALYZER_NONNULL = YES;
				CLANG_ANALYZER_NUMBER_OBJECT_CONVERSION = YES_AGGRESSIVE;
				CLANG_CXX_LANGUAGE_STANDARD = "gnu++14";
				CLANG_CXX_LIBRARY = "libc++";
				CLANG_ENABLE_MODULES = YES;
				CLANG_ENABLE_OBJC_ARC = YES;
				CLANG_ENABLE_OBJC_WEAK = YES;
				CLANG_WARN_BLOCK_CAPTURE_AUTORELEASING = YES;
				CLANG_WARN_BOOL_CONVERSION = YES;
				CLANG_WARN_COMMA = YES;
				CLANG_WARN_CONSTANT_CONVERSION = YES;
				CLANG_WARN_DEPRECATED_OBJC_IMPLEMENTATIONS = YES;
				CLANG_WARN_DIRECT_OBJC_ISA_USAGE = YES_ERROR;
				CLANG_WARN_DOCUMENTATION_COMMENTS = YES;
				CLANG_WARN_EMPTY_BODY = YES;
				CLANG_WARN_ENUM_CONVERSION = YES;
				CLANG_WARN_INFINITE_RECURSION = YES;
				CLANG_WARN_INT_CONVERSION = YES;
				CLANG_WARN_NON_LITERAL_NULL_CONVERSION = YES;
				CLANG_WARN_OBJC_IMPLICIT_RETAIN_SELF = YES;
				CLANG_WARN_OBJC_LITERAL_CONVERSION = YES;
				CLANG_WARN_OBJC_ROOT_CLASS = YES_ERROR;
				CLANG_WARN_RANGE_LOOP_ANALYSIS = YES;
				CLANG_WARN_STRICT_PROTOTYPES = YES;
				CLANG_WARN_SUSPICIOUS_MOVE = YES;
				CLANG_WARN_UNGUARDED_AVAILABILITY = YES_AGGRESSIVE;
				CLANG_WARN_UNREACHABLE_CODE = YES;
				CLANG_WARN__DUPLICATE_METHOD_MATCH = YES;
				COPY_PHASE_STRIP = NO;
				DEBUG_INFORMATION_FORMAT = "dwarf-with-dsym";
				ENABLE_NS_ASSERTIONS = NO;
				ENABLE_STRICT_OBJC_MSGSEND = YES;
				GCC_C_LANGUAGE_STANDARD = gnu11;
				GCC_NO_COMMON_BLOCKS = YES;
				GCC_WARN_64_TO_32_BIT_CONVERSION = YES;
				GCC_WARN_ABOUT_RETURN_TYPE = YES_ERROR;
				GCC_WARN_UNDECLARED_SELECTOR = YES;
				GCC_WARN_UNINITIALIZED_AUTOS = YES_AGGRESSIVE;
				GCC_WARN_UNUSED_FUNCTION = YES;
				GCC_WARN_UNUSED_VARIABLE = YES;
				IPHONEOS_DEPLOYMENT_TARGET = 13.2;
				MTL_ENABLE_DEBUG_INFO = NO;
				MTL_FAST_MATH = YES;
				SDKROOT = iphoneos;
				SWIFT_COMPILATION_MODE = wholemodule;
				SWIFT_OPTIMIZATION_LEVEL = "-O";
				VALIDATE_PRODUCT = YES;
			};
			name = Release;
		};
		DCB9DAFB23DE5A010070B35C /* Debug */ = {
			isa = XCBuildConfiguration;
			buildSettings = {
				ASSETCATALOG_COMPILER_APPICON_NAME = AppIcon;
				CODE_SIGN_STYLE = Automatic;
				DEVELOPMENT_TEAM = F4H8GRP7M4;
				INFOPLIST_FILE = ActionsDemo/Info.plist;
				LD_RUNPATH_SEARCH_PATHS = (
					"$(inherited)",
					"@executable_path/Frameworks",
				);
				PRODUCT_BUNDLE_IDENTIFIER = com.heshamsalman.ActionsDemo;
				PRODUCT_NAME = "$(TARGET_NAME)";
				SWIFT_VERSION = 5.0;
				TARGETED_DEVICE_FAMILY = "1,2";
			};
			name = Debug;
		};
		DCB9DAFC23DE5A010070B35C /* Release */ = {
			isa = XCBuildConfiguration;
			buildSettings = {
				ASSETCATALOG_COMPILER_APPICON_NAME = AppIcon;
				CODE_SIGN_STYLE = Automatic;
				DEVELOPMENT_TEAM = F4H8GRP7M4;
				INFOPLIST_FILE = ActionsDemo/Info.plist;
				LD_RUNPATH_SEARCH_PATHS = (
					"$(inherited)",
					"@executable_path/Frameworks",
				);
				PRODUCT_BUNDLE_IDENTIFIER = com.heshamsalman.ActionsDemo;
				PRODUCT_NAME = "$(TARGET_NAME)";
				SWIFT_VERSION = 5.0;
				TARGETED_DEVICE_FAMILY = "1,2";
			};
			name = Release;
		};
/* End XCBuildConfiguration section */

/* Begin XCConfigurationList section */
		DCB9DAE123DE59FE0070B35C /* Build configuration list for PBXProject "ActionsDemo" */ = {
			isa = XCConfigurationList;
			buildConfigurations = (
				DCB9DAF823DE5A010070B35C /* Debug */,
				DCB9DAF923DE5A010070B35C /* Release */,
			);
			defaultConfigurationIsVisible = 0;
			defaultConfigurationName = Release;
		};
		DCB9DAFA23DE5A010070B35C /* Build configuration list for PBXNativeTarget "ActionsDemo" */ = {
			isa = XCConfigurationList;
			buildConfigurations = (
				DCB9DAFB23DE5A010070B35C /* Debug */,
				DCB9DAFC23DE5A010070B35C /* Release */,
			);
			defaultConfigurationIsVisible = 0;
			defaultConfigurationName = Release;
		};
/* End XCConfigurationList section */
	};
	rootObject = DCB9DADE23DE59FE0070B35C /* Project object */;
}
